
Microsoft Visual Studio Solution File, Format Version 12.00
# Visual Studio Version 16
VisualStudioVersion = 16.0.33927.289
MinimumVisualStudioVersion = 10.0.40219.1
Project("{2150E333-8FDC-42A3-9474-1A3956D46DE8}") = "Task0", "Task0", "{B10703FF-8206-45F6-A297-EB146EADA2F8}"
EndProject
Project("{FAE04EC0-301F-11D3-BF4B-00C04F79EFBC}") = "Tyuiu.YangolenkoDS.Sprint1.Task0.V9", "Tyuiu.YangolenkoDS.Sprint1.Task0.V9\Tyuiu.YangolenkoDS.Sprint1.Task0.V9.csproj", "{2411CAE6-46C2-4015-9AC5-F11FE3735762}"
EndProject
Project("{FAE04EC0-301F-11D3-BF4B-00C04F79EFBC}") = "Tyuiu.YangolenkoDS.Sprint1.Task0.V9.Lib", "Tyuiu.YangolenkoDS.Sprint1.Task0.V9.Lib\Tyuiu.YangolenkoDS.Sprint1.Task0.V9.Lib.csproj", "{65568310-399F-4AC2-8553-9A1F5C5D01A4}"
EndProject
Project("{FAE04EC0-301F-11D3-BF4B-00C04F79EFBC}") = "Tyuiu.YangolenkoDS.Sprint1.Task0.V9.Test", "Tyuiu.YangolenkoDS.Sprint1.Task0.V9.Test\Tyuiu.YangolenkoDS.Sprint1.Task0.V9.Test.csproj", "{278BC118-3AC4-4D4A-9461-C7EEC95DF276}"
EndProject
Project("{2150E333-8FDC-42A3-9474-1A3956D46DE8}") = "Task1", "Task1", "{DBB7B679-D71C-4D21-972A-F7951A099EEF}"
EndProject
Project("{FAE04EC0-301F-11D3-BF4B-00C04F79EFBC}") = "Tyuiu.YangolenkoDS.Sprint1.Task1.V11", "Tyuiu.YangolenkoDS.Sprint1.Task1.V11\Tyuiu.YangolenkoDS.Sprint1.Task1.V11.csproj", "{2C467C68-10C3-49FC-B455-08FB1A0BEE40}"
EndProject
Project("{FAE04EC0-301F-11D3-BF4B-00C04F79EFBC}") = "Tyuiu.YangolenkoDS.Sprint1.Task1.V11.Lib", "Tyuiu.YangolenkoDS.Sprint1.Task1.V11.Lib\Tyuiu.YangolenkoDS.Sprint1.Task1.V11.Lib.csproj", "{252EEE39-5A20-4247-9416-5C31554DDB05}"
EndProject
Project("{FAE04EC0-301F-11D3-BF4B-00C04F79EFBC}") = "Tyuiu.YangolenkoDS.Sprint1.Task1.V11.Test", "Tyuiu.YangolenkoDS.Sprint1.Task1.V11.Test\Tyuiu.YangolenkoDS.Sprint1.Task1.V11.Test.csproj", "{87712E61-464A-4A1A-8BD3-BDC83A8172FF}"
EndProject
Project("{2150E333-8FDC-42A3-9474-1A3956D46DE8}") = "Task2", "Task2", "{B91E75B2-8396-4B1A-8A30-ED881D017FF9}"
EndProject
Project("{FAE04EC0-301F-11D3-BF4B-00C04F79EFBC}") = "Tyuiu.YangolenkoDS.Sprint1.Task2.V2", "Tyuiu.YangolenkoDS.Sprint1.Task2.V2\Tyuiu.YangolenkoDS.Sprint1.Task2.V2.csproj", "{80D0653C-101D-41C1-BFD4-855447C86F6E}"
EndProject
Project("{FAE04EC0-301F-11D3-BF4B-00C04F79EFBC}") = "Tyuiu.YangolenkoDS.Sprint1.Task2.V2.Lib", "Tyuiu.YangolenkoDS.Sprint1.Task2.V2.Lib\Tyuiu.YangolenkoDS.Sprint1.Task2.V2.Lib.csproj", "{843B6897-40C6-40A2-A461-8454DA7566EA}"
EndProject
Project("{FAE04EC0-301F-11D3-BF4B-00C04F79EFBC}") = "Tyuiu.YangolenkoDS.Sprint1.Task2.V2.Test", "Tyuiu.YangolenkoDS.Sprint1.Task2.V2.Test\Tyuiu.YangolenkoDS.Sprint1.Task2.V2.Test.csproj", "{DA6A8C3A-21BD-4C04-A334-440E73FEDA25}"
EndProject
Project("{2150E333-8FDC-42A3-9474-1A3956D46DE8}") = "Task3", "Task3", "{4E5EBACA-7DE6-48C3-A0AB-65E2A9D9CF89}"
EndProject
Project("{FAE04EC0-301F-11D3-BF4B-00C04F79EFBC}") = "Tyuiu.YangolenkoDS.Sprint1.Task3.V3", "Tyuiu.YangolenkoDS.Sprint1.Task3.V3\Tyuiu.YangolenkoDS.Sprint1.Task3.V3.csproj", "{4B4F53E6-48B1-43B1-8106-8116EF8A1893}"
EndProject
Project("{FAE04EC0-301F-11D3-BF4B-00C04F79EFBC}") = "Tyuiu.YangolenkoDS.Sprint1.Task3.V3.Lib", "Tyuiu.YangolenkoDS.Sprint1.Task3.V3.Lib\Tyuiu.YangolenkoDS.Sprint1.Task3.V3.Lib.csproj", "{5963EBC5-BDD0-475F-BB21-C6FD48733653}"
EndProject
Project("{FAE04EC0-301F-11D3-BF4B-00C04F79EFBC}") = "Tyuiu.YangolenkoDS.Sprint1.Task3.V3.Test", "Tyuiu.YangolenkoDS.Sprint1.Task3.V3.Test\Tyuiu.YangolenkoDS.Sprint1.Task3.V3.Test.csproj", "{07C2C22C-272D-4498-A5A3-5CB0FF017A55}"
EndProject
Global
	GlobalSection(SolutionConfigurationPlatforms) = preSolution
		Debug|Any CPU = Debug|Any CPU
		Release|Any CPU = Release|Any CPU
	EndGlobalSection
	GlobalSection(ProjectConfigurationPlatforms) = postSolution
		{2411CAE6-46C2-4015-9AC5-F11FE3735762}.Debug|Any CPU.ActiveCfg = Debug|Any CPU
		{2411CAE6-46C2-4015-9AC5-F11FE3735762}.Debug|Any CPU.Build.0 = Debug|Any CPU
		{2411CAE6-46C2-4015-9AC5-F11FE3735762}.Release|Any CPU.ActiveCfg = Release|Any CPU
		{2411CAE6-46C2-4015-9AC5-F11FE3735762}.Release|Any CPU.Build.0 = Release|Any CPU
		{65568310-399F-4AC2-8553-9A1F5C5D01A4}.Debug|Any CPU.ActiveCfg = Debug|Any CPU
		{65568310-399F-4AC2-8553-9A1F5C5D01A4}.Debug|Any CPU.Build.0 = Debug|Any CPU
		{65568310-399F-4AC2-8553-9A1F5C5D01A4}.Release|Any CPU.ActiveCfg = Release|Any CPU
		{65568310-399F-4AC2-8553-9A1F5C5D01A4}.Release|Any CPU.Build.0 = Release|Any CPU
		{278BC118-3AC4-4D4A-9461-C7EEC95DF276}.Debug|Any CPU.ActiveCfg = Debug|Any CPU
		{278BC118-3AC4-4D4A-9461-C7EEC95DF276}.Debug|Any CPU.Build.0 = Debug|Any CPU
		{278BC118-3AC4-4D4A-9461-C7EEC95DF276}.Release|Any CPU.ActiveCfg = Release|Any CPU
		{278BC118-3AC4-4D4A-9461-C7EEC95DF276}.Release|Any CPU.Build.0 = Release|Any CPU
		{2C467C68-10C3-49FC-B455-08FB1A0BEE40}.Debug|Any CPU.ActiveCfg = Debug|Any CPU
		{2C467C68-10C3-49FC-B455-08FB1A0BEE40}.Debug|Any CPU.Build.0 = Debug|Any CPU
		{2C467C68-10C3-49FC-B455-08FB1A0BEE40}.Release|Any CPU.ActiveCfg = Release|Any CPU
		{2C467C68-10C3-49FC-B455-08FB1A0BEE40}.Release|Any CPU.Build.0 = Release|Any CPU
		{252EEE39-5A20-4247-9416-5C31554DDB05}.Debug|Any CPU.ActiveCfg = Debug|Any CPU
		{252EEE39-5A20-4247-9416-5C31554DDB05}.Debug|Any CPU.Build.0 = Debug|Any CPU
		{252EEE39-5A20-4247-9416-5C31554DDB05}.Release|Any CPU.ActiveCfg = Release|Any CPU
		{252EEE39-5A20-4247-9416-5C31554DDB05}.Release|Any CPU.Build.0 = Release|Any CPU
		{87712E61-464A-4A1A-8BD3-BDC83A8172FF}.Debug|Any CPU.ActiveCfg = Debug|Any CPU
		{87712E61-464A-4A1A-8BD3-BDC83A8172FF}.Debug|Any CPU.Build.0 = Debug|Any CPU
		{87712E61-464A-4A1A-8BD3-BDC83A8172FF}.Release|Any CPU.ActiveCfg = Release|Any CPU
		{87712E61-464A-4A1A-8BD3-BDC83A8172FF}.Release|Any CPU.Build.0 = Release|Any CPU
		{80D0653C-101D-41C1-BFD4-855447C86F6E}.Debug|Any CPU.ActiveCfg = Debug|Any CPU
		{80D0653C-101D-41C1-BFD4-855447C86F6E}.Debug|Any CPU.Build.0 = Debug|Any CPU
		{80D0653C-101D-41C1-BFD4-855447C86F6E}.Release|Any CPU.ActiveCfg = Release|Any CPU
		{80D0653C-101D-41C1-BFD4-855447C86F6E}.Release|Any CPU.Build.0 = Release|Any CPU
		{843B6897-40C6-40A2-A461-8454DA7566EA}.Debug|Any CPU.ActiveCfg = Debug|Any CPU
		{843B6897-40C6-40A2-A461-8454DA7566EA}.Debug|Any CPU.Build.0 = Debug|Any CPU
		{843B6897-40C6-40A2-A461-8454DA7566EA}.Release|Any CPU.ActiveCfg = Release|Any CPU
		{843B6897-40C6-40A2-A461-8454DA7566EA}.Release|Any CPU.Build.0 = Release|Any CPU
		{DA6A8C3A-21BD-4C04-A334-440E73FEDA25}.Debug|Any CPU.ActiveCfg = Debug|Any CPU
		{DA6A8C3A-21BD-4C04-A334-440E73FEDA25}.Debug|Any CPU.Build.0 = Debug|Any CPU
		{DA6A8C3A-21BD-4C04-A334-440E73FEDA25}.Release|Any CPU.ActiveCfg = Release|Any CPU
		{DA6A8C3A-21BD-4C04-A334-440E73FEDA25}.Release|Any CPU.Build.0 = Release|Any CPU
		{4B4F53E6-48B1-43B1-8106-8116EF8A1893}.Debug|Any CPU.ActiveCfg = Debug|Any CPU
		{4B4F53E6-48B1-43B1-8106-8116EF8A1893}.Debug|Any CPU.Build.0 = Debug|Any CPU
		{4B4F53E6-48B1-43B1-8106-8116EF8A1893}.Release|Any CPU.ActiveCfg = Release|Any CPU
		{4B4F53E6-48B1-43B1-8106-8116EF8A1893}.Release|Any CPU.Build.0 = Release|Any CPU
		{5963EBC5-BDD0-475F-BB21-C6FD48733653}.Debug|Any CPU.ActiveCfg = Debug|Any CPU
		{5963EBC5-BDD0-475F-BB21-C6FD48733653}.Debug|Any CPU.Build.0 = Debug|Any CPU
		{5963EBC5-BDD0-475F-BB21-C6FD48733653}.Release|Any CPU.ActiveCfg = Release|Any CPU
		{5963EBC5-BDD0-475F-BB21-C6FD48733653}.Release|Any CPU.Build.0 = Release|Any CPU
		{07C2C22C-272D-4498-A5A3-5CB0FF017A55}.Debug|Any CPU.ActiveCfg = Debug|Any CPU
		{07C2C22C-272D-4498-A5A3-5CB0FF017A55}.Debug|Any CPU.Build.0 = Debug|Any CPU
		{07C2C22C-272D-4498-A5A3-5CB0FF017A55}.Release|Any CPU.ActiveCfg = Release|Any CPU
		{07C2C22C-272D-4498-A5A3-5CB0FF017A55}.Release|Any CPU.Build.0 = Release|Any CPU
	EndGlobalSection
	GlobalSection(SolutionProperties) = preSolution
		HideSolutionNode = FALSE
	EndGlobalSection
	GlobalSection(NestedProjects) = preSolution
		{2411CAE6-46C2-4015-9AC5-F11FE3735762} = {B10703FF-8206-45F6-A297-EB146EADA2F8}
		{65568310-399F-4AC2-8553-9A1F5C5D01A4} = {B10703FF-8206-45F6-A297-EB146EADA2F8}
		{278BC118-3AC4-4D4A-9461-C7EEC95DF276} = {B10703FF-8206-45F6-A297-EB146EADA2F8}
		{2C467C68-10C3-49FC-B455-08FB1A0BEE40} = {DBB7B679-D71C-4D21-972A-F7951A099EEF}
		{252EEE39-5A20-4247-9416-5C31554DDB05} = {DBB7B679-D71C-4D21-972A-F7951A099EEF}
		{87712E61-464A-4A1A-8BD3-BDC83A8172FF} = {DBB7B679-D71C-4D21-972A-F7951A099EEF}
		{80D0653C-101D-41C1-BFD4-855447C86F6E} = {B91E75B2-8396-4B1A-8A30-ED881D017FF9}
		{843B6897-40C6-40A2-A461-8454DA7566EA} = {B91E75B2-8396-4B1A-8A30-ED881D017FF9}
		{DA6A8C3A-21BD-4C04-A334-440E73FEDA25} = {B91E75B2-8396-4B1A-8A30-ED881D017FF9}
		{4B4F53E6-48B1-43B1-8106-8116EF8A1893} = {4E5EBACA-7DE6-48C3-A0AB-65E2A9D9CF89}
		{5963EBC5-BDD0-475F-BB21-C6FD48733653} = {4E5EBACA-7DE6-48C3-A0AB-65E2A9D9CF89}
		{07C2C22C-272D-4498-A5A3-5CB0FF017A55} = {4E5EBACA-7DE6-48C3-A0AB-65E2A9D9CF89}
	EndGlobalSection
	GlobalSection(ExtensibilityGlobals) = postSolution
		SolutionGuid = {72F21492-3DB6-4E9D-A32A-F0550F5C2B17}
	EndGlobalSection
EndGlobal
